
Microsoft Visual Studio Solution File, Format Version 12.00
# Visual Studio Version 17
VisualStudioVersion = 17.4.33213.308
MinimumVisualStudioVersion = 10.0.40219.1
Project("{9A19103F-16F7-4668-BE54-9A1E7A4F7556}") = "Realty.Domain", "Domain\Realty.Domain.csproj", "{22D3EF1F-11FB-4473-9AA5-FF5CB6C841BC}"
EndProject
Project("{9A19103F-16F7-4668-BE54-9A1E7A4F7556}") = "Realty.Application", "Realty.Application\Realty.Application.csproj", "{D491E3E5-80B0-4F7E-8F09-AED9E5FDA8C3}"
EndProject
Project("{9A19103F-16F7-4668-BE54-9A1E7A4F7556}") = "Realty.Persistence", "Realty.Persistence\Realty.Persistence.csproj", "{081C7315-5250-4A43-A539-9B09671720F8}"
EndProject
Project("{FAE04EC0-301F-11D3-BF4B-00C04F79EFBC}") = "Realty.WebApi", "Realty.WebApi\Realty.WebApi.csproj", "{C102ECE8-6484-4838-9244-59BC0F386F41}"
EndProject
Global
	GlobalSection(SolutionConfigurationPlatforms) = preSolution
		Debug|Any CPU = Debug|Any CPU
		Release|Any CPU = Release|Any CPU
	EndGlobalSection
	GlobalSection(ProjectConfigurationPlatforms) = postSolution
		{22D3EF1F-11FB-4473-9AA5-FF5CB6C841BC}.Debug|Any CPU.ActiveCfg = Debug|Any CPU
		{22D3EF1F-11FB-4473-9AA5-FF5CB6C841BC}.Debug|Any CPU.Build.0 = Debug|Any CPU
		{22D3EF1F-11FB-4473-9AA5-FF5CB6C841BC}.Release|Any CPU.ActiveCfg = Release|Any CPU
		{22D3EF1F-11FB-4473-9AA5-FF5CB6C841BC}.Release|Any CPU.Build.0 = Release|Any CPU
		{D491E3E5-80B0-4F7E-8F09-AED9E5FDA8C3}.Debug|Any CPU.ActiveCfg = Debug|Any CPU
		{D491E3E5-80B0-4F7E-8F09-AED9E5FDA8C3}.Debug|Any CPU.Build.0 = Debug|Any CPU
		{D491E3E5-80B0-4F7E-8F09-AED9E5FDA8C3}.Release|Any CPU.ActiveCfg = Release|Any CPU
		{D491E3E5-80B0-4F7E-8F09-AED9E5FDA8C3}.Release|Any CPU.Build.0 = Release|Any CPU
		{081C7315-5250-4A43-A539-9B09671720F8}.Debug|Any CPU.ActiveCfg = Debug|Any CPU
		{081C7315-5250-4A43-A539-9B09671720F8}.Debug|Any CPU.Build.0 = Debug|Any CPU
		{081C7315-5250-4A43-A539-9B09671720F8}.Release|Any CPU.ActiveCfg = Release|Any CPU
		{081C7315-5250-4A43-A539-9B09671720F8}.Release|Any CPU.Build.0 = Release|Any CPU
		{C102ECE8-6484-4838-9244-59BC0F386F41}.Debug|Any CPU.ActiveCfg = Debug|Any CPU
		{C102ECE8-6484-4838-9244-59BC0F386F41}.Debug|Any CPU.Build.0 = Debug|Any CPU
		{C102ECE8-6484-4838-9244-59BC0F386F41}.Release|Any CPU.ActiveCfg = Release|Any CPU
		{C102ECE8-6484-4838-9244-59BC0F386F41}.Release|Any CPU.Build.0 = Release|Any CPU
	EndGlobalSection
	GlobalSection(SolutionProperties) = preSolution
		HideSolutionNode = FALSE
	EndGlobalSection
	GlobalSection(ExtensibilityGlobals) = postSolution
		SolutionGuid = {3100D81E-DDF0-4CDC-A39B-A6B16792705C}
	EndGlobalSection
EndGlobal
